
Microsoft Visual Studio Solution File, Format Version 12.00
# Visual Studio Version 16
VisualStudioVersion = 16.0.31702.278
MinimumVisualStudioVersion = 10.0.40219.1
Project("{FAE04EC0-301F-11D3-BF4B-00C04F79EFBC}") = "ConsoleApp1", "ConsoleApp1\ConsoleApp1.csproj", "{DBB58537-EEE3-4463-8DC5-2C8336DB2393}"
EndProject
Global
	GlobalSection(SolutionConfigurationPlatforms) = preSolution
		Debug|Any CPU = Debug|Any CPU
		Release|Any CPU = Release|Any CPU
	EndGlobalSection
	GlobalSection(ProjectConfigurationPlatforms) = postSolution
		{DBB58537-EEE3-4463-8DC5-2C8336DB2393}.Debug|Any CPU.ActiveCfg = Debug|Any CPU
		{DBB58537-EEE3-4463-8DC5-2C8336DB2393}.Debug|Any CPU.Build.0 = Debug|Any CPU
		{DBB58537-EEE3-4463-8DC5-2C8336DB2393}.Release|Any CPU.ActiveCfg = Release|Any CPU
		{DBB58537-EEE3-4463-8DC5-2C8336DB2393}.Release|Any CPU.Build.0 = Release|Any CPU
	EndGlobalSection
	GlobalSection(SolutionProperties) = preSolution
		HideSolutionNode = FALSE
	EndGlobalSection
	GlobalSection(ExtensibilityGlobals) = postSolution
		SolutionGuid = {90D342BA-D374-4BD1-967D-5C1519C61308}
	EndGlobalSection
EndGlobal
